
Microsoft Visual Studio Solution File, Format Version 12.00
Project("{FAE04EC0-301F-11D3-BF4B-00C04F79EFBC}") = "Mission3_Assignment", "Mission3_Assignment.csproj", "{009E25EF-BEC6-4194-AE11-CB719B250FE8}"
EndProject
Global
	GlobalSection(SolutionConfigurationPlatforms) = preSolution
		Debug|Any CPU = Debug|Any CPU
		Release|Any CPU = Release|Any CPU
	EndGlobalSection
	GlobalSection(ProjectConfigurationPlatforms) = postSolution
		{009E25EF-BEC6-4194-AE11-CB719B250FE8}.Debug|Any CPU.ActiveCfg = Debug|Any CPU
		{009E25EF-BEC6-4194-AE11-CB719B250FE8}.Debug|Any CPU.Build.0 = Debug|Any CPU
		{009E25EF-BEC6-4194-AE11-CB719B250FE8}.Release|Any CPU.ActiveCfg = Release|Any CPU
		{009E25EF-BEC6-4194-AE11-CB719B250FE8}.Release|Any CPU.Build.0 = Release|Any CPU
	EndGlobalSection
EndGlobal
